
Microsoft Visual Studio Solution File, Format Version 12.00
# Visual Studio Version 16
VisualStudioVersion = 16.0.30011.22
MinimumVisualStudioVersion = 10.0.40219.1
Project("{FAE04EC0-301F-11D3-BF4B-00C04F79EFBC}") = "Testability", "Testability\Testability.csproj", "{126ED8CD-C761-490C-97E2-D15968527CC1}"
EndProject
Project("{FAE04EC0-301F-11D3-BF4B-00C04F79EFBC}") = "Testability.UnitTests", "Testability.UnitTests\Testability.UnitTests.csproj", "{2B185474-80AE-40F3-B516-82DD8AC01C1D}"
EndProject
Global
	GlobalSection(SolutionConfigurationPlatforms) = preSolution
		Debug|Any CPU = Debug|Any CPU
		Release|Any CPU = Release|Any CPU
	EndGlobalSection
	GlobalSection(ProjectConfigurationPlatforms) = postSolution
		{126ED8CD-C761-490C-97E2-D15968527CC1}.Debug|Any CPU.ActiveCfg = Debug|Any CPU
		{126ED8CD-C761-490C-97E2-D15968527CC1}.Debug|Any CPU.Build.0 = Debug|Any CPU
		{126ED8CD-C761-490C-97E2-D15968527CC1}.Release|Any CPU.ActiveCfg = Release|Any CPU
		{126ED8CD-C761-490C-97E2-D15968527CC1}.Release|Any CPU.Build.0 = Release|Any CPU
		{2B185474-80AE-40F3-B516-82DD8AC01C1D}.Debug|Any CPU.ActiveCfg = Debug|Any CPU
		{2B185474-80AE-40F3-B516-82DD8AC01C1D}.Debug|Any CPU.Build.0 = Debug|Any CPU
		{2B185474-80AE-40F3-B516-82DD8AC01C1D}.Release|Any CPU.ActiveCfg = Release|Any CPU
		{2B185474-80AE-40F3-B516-82DD8AC01C1D}.Release|Any CPU.Build.0 = Release|Any CPU
	EndGlobalSection
	GlobalSection(SolutionProperties) = preSolution
		HideSolutionNode = FALSE
	EndGlobalSection
	GlobalSection(ExtensibilityGlobals) = postSolution
		SolutionGuid = {11C06A54-9244-47F4-9078-BC0F718C2EE3}
	EndGlobalSection
EndGlobal
